
Microsoft Visual Studio Solution File, Format Version 12.00
Project("{FAE04EC0-301F-11D3-BF4B-00C04F79EFBC}") = "Olive", "Olive\Olive.csproj", "{70CD9DFC-0DB0-4DB2-9BE7-3125EC018755}"
EndProject
Project("{2150E333-8FDC-42A3-9474-1A3956D46DE8}") = "Examples", "Examples", "{B87971E4-B6B1-477C-B328-6C1880FC36D7}"
EndProject
Project("{FAE04EC0-301F-11D3-BF4B-00C04F79EFBC}") = "HelloOlive", "Examples\HelloOlive\HelloOlive.csproj", "{E75EE06B-52B1-42A6-8920-6A1259F18C39}"
EndProject
Project("{FAE04EC0-301F-11D3-BF4B-00C04F79EFBC}") = "MultipleScenes", "Examples\MultipleScenes\MultipleScenes.csproj", "{104E08CD-43B1-4B21-B544-EBC3E6D540E5}"
EndProject
Project("{FAE04EC0-301F-11D3-BF4B-00C04F79EFBC}") = "ModelLoading", "Examples\ModelLoading\ModelLoading.csproj", "{DD7FC7BB-F508-4989-B4CB-9D0903F6C78F}"
EndProject
Project("{FAE04EC0-301F-11D3-BF4B-00C04F79EFBC}") = "BehaviorExample", "Examples\BehaviorExample\BehaviorExample.csproj", "{AF8F2C59-6C38-4CF8-BB67-594BDFA68DE1}"
EndProject
Project("{FAE04EC0-301F-11D3-BF4B-00C04F79EFBC}") = "GLExample", "Examples\GLExample\GLExample.csproj", "{D1018609-D019-453C-8823-BED5A11E663C}"
EndProject
Project("{FAE04EC0-301F-11D3-BF4B-00C04F79EFBC}") = "SceneTransformExample", "Examples\SceneTransformExample\SceneTransformExample.csproj", "{5509567F-110E-496E-9EB6-B82636FE8AA1}"
EndProject
Project("{FAE04EC0-301F-11D3-BF4B-00C04F79EFBC}") = "ResolutionsExample", "Examples\ResolutionsExample\ResolutionsExample.csproj", "{748255C4-2AEB-40F9-93D8-3D662166D43D}"
EndProject
Global
	GlobalSection(SolutionConfigurationPlatforms) = preSolution
		Debug|Any CPU = Debug|Any CPU
		Release|Any CPU = Release|Any CPU
	EndGlobalSection
	GlobalSection(ProjectConfigurationPlatforms) = postSolution
		{70CD9DFC-0DB0-4DB2-9BE7-3125EC018755}.Debug|Any CPU.ActiveCfg = Debug|Any CPU
		{70CD9DFC-0DB0-4DB2-9BE7-3125EC018755}.Debug|Any CPU.Build.0 = Debug|Any CPU
		{70CD9DFC-0DB0-4DB2-9BE7-3125EC018755}.Release|Any CPU.ActiveCfg = Release|Any CPU
		{70CD9DFC-0DB0-4DB2-9BE7-3125EC018755}.Release|Any CPU.Build.0 = Release|Any CPU
		{E75EE06B-52B1-42A6-8920-6A1259F18C39}.Debug|Any CPU.ActiveCfg = Debug|Any CPU
		{E75EE06B-52B1-42A6-8920-6A1259F18C39}.Debug|Any CPU.Build.0 = Debug|Any CPU
		{E75EE06B-52B1-42A6-8920-6A1259F18C39}.Release|Any CPU.ActiveCfg = Release|Any CPU
		{E75EE06B-52B1-42A6-8920-6A1259F18C39}.Release|Any CPU.Build.0 = Release|Any CPU
		{104E08CD-43B1-4B21-B544-EBC3E6D540E5}.Debug|Any CPU.ActiveCfg = Debug|Any CPU
		{104E08CD-43B1-4B21-B544-EBC3E6D540E5}.Debug|Any CPU.Build.0 = Debug|Any CPU
		{104E08CD-43B1-4B21-B544-EBC3E6D540E5}.Release|Any CPU.ActiveCfg = Release|Any CPU
		{104E08CD-43B1-4B21-B544-EBC3E6D540E5}.Release|Any CPU.Build.0 = Release|Any CPU
		{DD7FC7BB-F508-4989-B4CB-9D0903F6C78F}.Debug|Any CPU.ActiveCfg = Debug|Any CPU
		{DD7FC7BB-F508-4989-B4CB-9D0903F6C78F}.Debug|Any CPU.Build.0 = Debug|Any CPU
		{DD7FC7BB-F508-4989-B4CB-9D0903F6C78F}.Release|Any CPU.ActiveCfg = Release|Any CPU
		{DD7FC7BB-F508-4989-B4CB-9D0903F6C78F}.Release|Any CPU.Build.0 = Release|Any CPU
		{AF8F2C59-6C38-4CF8-BB67-594BDFA68DE1}.Debug|Any CPU.ActiveCfg = Debug|Any CPU
		{AF8F2C59-6C38-4CF8-BB67-594BDFA68DE1}.Debug|Any CPU.Build.0 = Debug|Any CPU
		{AF8F2C59-6C38-4CF8-BB67-594BDFA68DE1}.Release|Any CPU.ActiveCfg = Release|Any CPU
		{AF8F2C59-6C38-4CF8-BB67-594BDFA68DE1}.Release|Any CPU.Build.0 = Release|Any CPU
		{D1018609-D019-453C-8823-BED5A11E663C}.Debug|Any CPU.ActiveCfg = Debug|Any CPU
		{D1018609-D019-453C-8823-BED5A11E663C}.Debug|Any CPU.Build.0 = Debug|Any CPU
		{D1018609-D019-453C-8823-BED5A11E663C}.Release|Any CPU.ActiveCfg = Release|Any CPU
		{D1018609-D019-453C-8823-BED5A11E663C}.Release|Any CPU.Build.0 = Release|Any CPU
		{5509567F-110E-496E-9EB6-B82636FE8AA1}.Debug|Any CPU.ActiveCfg = Debug|Any CPU
		{5509567F-110E-496E-9EB6-B82636FE8AA1}.Debug|Any CPU.Build.0 = Debug|Any CPU
		{5509567F-110E-496E-9EB6-B82636FE8AA1}.Release|Any CPU.ActiveCfg = Release|Any CPU
		{5509567F-110E-496E-9EB6-B82636FE8AA1}.Release|Any CPU.Build.0 = Release|Any CPU
		{748255C4-2AEB-40F9-93D8-3D662166D43D}.Debug|Any CPU.ActiveCfg = Debug|Any CPU
		{748255C4-2AEB-40F9-93D8-3D662166D43D}.Debug|Any CPU.Build.0 = Debug|Any CPU
		{748255C4-2AEB-40F9-93D8-3D662166D43D}.Release|Any CPU.ActiveCfg = Release|Any CPU
		{748255C4-2AEB-40F9-93D8-3D662166D43D}.Release|Any CPU.Build.0 = Release|Any CPU
	EndGlobalSection
	GlobalSection(NestedProjects) = preSolution
		{E75EE06B-52B1-42A6-8920-6A1259F18C39} = {B87971E4-B6B1-477C-B328-6C1880FC36D7}
		{104E08CD-43B1-4B21-B544-EBC3E6D540E5} = {B87971E4-B6B1-477C-B328-6C1880FC36D7}
		{DD7FC7BB-F508-4989-B4CB-9D0903F6C78F} = {B87971E4-B6B1-477C-B328-6C1880FC36D7}
		{AF8F2C59-6C38-4CF8-BB67-594BDFA68DE1} = {B87971E4-B6B1-477C-B328-6C1880FC36D7}
		{D1018609-D019-453C-8823-BED5A11E663C} = {B87971E4-B6B1-477C-B328-6C1880FC36D7}
		{5509567F-110E-496E-9EB6-B82636FE8AA1} = {B87971E4-B6B1-477C-B328-6C1880FC36D7}
		{748255C4-2AEB-40F9-93D8-3D662166D43D} = {B87971E4-B6B1-477C-B328-6C1880FC36D7}
	EndGlobalSection
EndGlobal
